
Microsoft Visual Studio Solution File, Format Version 12.00
# Visual Studio Version 17
VisualStudioVersion = 17.3.32901.215
MinimumVisualStudioVersion = 10.0.40219.1
Project("{FAE04EC0-301F-11D3-BF4B-00C04F79EFBC}") = "WebApp", "WebApp\WebApp.csproj", "{09B0E0B2-1813-45A3-8B96-407CAF7CD15E}"
EndProject
Global
	GlobalSection(SolutionConfigurationPlatforms) = preSolution
		Debug|Any CPU = Debug|Any CPU
		Release|Any CPU = Release|Any CPU
	EndGlobalSection
	GlobalSection(ProjectConfigurationPlatforms) = postSolution
		{09B0E0B2-1813-45A3-8B96-407CAF7CD15E}.Debug|Any CPU.ActiveCfg = Debug|Any CPU
		{09B0E0B2-1813-45A3-8B96-407CAF7CD15E}.Debug|Any CPU.Build.0 = Debug|Any CPU
		{09B0E0B2-1813-45A3-8B96-407CAF7CD15E}.Release|Any CPU.ActiveCfg = Release|Any CPU
		{09B0E0B2-1813-45A3-8B96-407CAF7CD15E}.Release|Any CPU.Build.0 = Release|Any CPU
	EndGlobalSection
	GlobalSection(SolutionProperties) = preSolution
		HideSolutionNode = FALSE
	EndGlobalSection
	GlobalSection(ExtensibilityGlobals) = postSolution
		SolutionGuid = {F0EA7BBE-74EB-43DF-8A9D-DCCC3FB4A1AB}
	EndGlobalSection
EndGlobal
